
Microsoft Visual Studio Solution File, Format Version 12.00
# Visual Studio 15
VisualStudioVersion = 15.0.28010.2036
MinimumVisualStudioVersion = 10.0.40219.1
Project("{FAE04EC0-301F-11D3-BF4B-00C04F79EFBC}") = "MVCDemoF18", "MVCDemoF18\MVCDemoF18.csproj", "{BF783275-7061-455B-8123-31C4E7BF17A8}"
EndProject
Global
	GlobalSection(SolutionConfigurationPlatforms) = preSolution
		Debug|Any CPU = Debug|Any CPU
		Release|Any CPU = Release|Any CPU
	EndGlobalSection
	GlobalSection(ProjectConfigurationPlatforms) = postSolution
		{BF783275-7061-455B-8123-31C4E7BF17A8}.Debug|Any CPU.ActiveCfg = Debug|Any CPU
		{BF783275-7061-455B-8123-31C4E7BF17A8}.Debug|Any CPU.Build.0 = Debug|Any CPU
		{BF783275-7061-455B-8123-31C4E7BF17A8}.Release|Any CPU.ActiveCfg = Release|Any CPU
		{BF783275-7061-455B-8123-31C4E7BF17A8}.Release|Any CPU.Build.0 = Release|Any CPU
	EndGlobalSection
	GlobalSection(SolutionProperties) = preSolution
		HideSolutionNode = FALSE
	EndGlobalSection
	GlobalSection(ExtensibilityGlobals) = postSolution
		SolutionGuid = {119B29EB-4F84-48E7-A8B9-821A16C4627C}
	EndGlobalSection
EndGlobal
